
Microsoft Visual Studio Solution File, Format Version 12.00
# Visual Studio 15
VisualStudioVersion = 15.0.28307.902
MinimumVisualStudioVersion = 10.0.40219.1
Project("{FAE04EC0-301F-11D3-BF4B-00C04F79EFBC}") = "Barter", "Barter\Barter.csproj", "{53A48EE3-405A-4B5C-BC65-FE56C4CD889F}"
EndProject
Global
	GlobalSection(SolutionConfigurationPlatforms) = preSolution
		Debug|Any CPU = Debug|Any CPU
		Release|Any CPU = Release|Any CPU
	EndGlobalSection
	GlobalSection(ProjectConfigurationPlatforms) = postSolution
		{53A48EE3-405A-4B5C-BC65-FE56C4CD889F}.Debug|Any CPU.ActiveCfg = Debug|Any CPU
		{53A48EE3-405A-4B5C-BC65-FE56C4CD889F}.Debug|Any CPU.Build.0 = Debug|Any CPU
		{53A48EE3-405A-4B5C-BC65-FE56C4CD889F}.Release|Any CPU.ActiveCfg = Release|Any CPU
		{53A48EE3-405A-4B5C-BC65-FE56C4CD889F}.Release|Any CPU.Build.0 = Release|Any CPU
	EndGlobalSection
	GlobalSection(SolutionProperties) = preSolution
		HideSolutionNode = FALSE
	EndGlobalSection
	GlobalSection(ExtensibilityGlobals) = postSolution
		SolutionGuid = {1C9C4CE9-3AF0-428B-95FC-2FCAE80DB392}
	EndGlobalSection
EndGlobal
